
Microsoft Visual Studio Solution File, Format Version 12.00
# Visual Studio 15
Project("{FAE04EC0-301F-11D3-BF4B-00C04F79EFBC}") = "TempleRunTutorial", "TempleRunTutorial.csproj", "{D40FB2EA-A792-72C9-9003-A9F5F5E89A10}"
EndProject
Global
	GlobalSection(SolutionConfigurationPlatforms) = preSolution
		Debug|Any CPU = Debug|Any CPU
		Release|Any CPU = Release|Any CPU
	EndGlobalSection
	GlobalSection(ProjectConfigurationPlatforms) = postSolution
		{D40FB2EA-A792-72C9-9003-A9F5F5E89A10}.Debug|Any CPU.ActiveCfg = Debug|Any CPU
		{D40FB2EA-A792-72C9-9003-A9F5F5E89A10}.Debug|Any CPU.Build.0 = Debug|Any CPU
		{D40FB2EA-A792-72C9-9003-A9F5F5E89A10}.Release|Any CPU.ActiveCfg = Release|Any CPU
		{D40FB2EA-A792-72C9-9003-A9F5F5E89A10}.Release|Any CPU.Build.0 = Release|Any CPU
	EndGlobalSection
	GlobalSection(SolutionProperties) = preSolution
		HideSolutionNode = FALSE
	EndGlobalSection
EndGlobal
